{
  "name": "HEIDI",
  "lockfileVersion": 3,
  "requires": true,
  "packages": {
    "": {
      "dependencies": {
        "@ionic/angular": "^8.5.7"
      }
    },
    "node_modules/@angular/common": {
      "version": "19.2.10",
      "resolved": "https://registry.npmjs.org/@angular/common/-/common-19.2.10.tgz",
      "integrity": "sha512-1Aq0pT0MXEYHUXFB0nFkiErW7OUCLxF2XkZv///hxWEBX3nc4Zl+p9yrVRvnTJoLuOVU5TYOPjiyKzAGbUIxVw==",
      "license": "MIT",
      "peer": true,
      "dependencies": {
        "tslib": "^2.3.0"
      },
      "engines": {
        "node": "^18.19.1 || ^20.11.1 || >=22.0.0"
      },
      "peerDependencies": {
        "@angular/core": "19.2.10",
        "rxjs": "^6.5.3 || ^7.4.0"
      }
    },
    "node_modules/@angular/core": {
      "version": "19.2.10",
      "resolved": "https://registry.npmjs.org/@angular/core/-/core-19.2.10.tgz",
      "integrity": "sha512-9SQj5zz9VL4nD2dnqaS8nHxYWWQTPavacwG/e5I1wlctrUIGAvvl9uApxXanqlNVoezA0isUVzZGjaiQuu0hBQ==",
      "license": "MIT",
      "peer": true,
      "dependencies": {
        "tslib": "^2.3.0"
      },
      "engines": {
        "node": "^18.19.1 || ^20.11.1 || >=22.0.0"
      },
      "peerDependencies": {
        "rxjs": "^6.5.3 || ^7.4.0",
        "zone.js": "~0.15.0"
      }
    },
    "node_modules/@angular/forms": {
      "version": "19.2.10",
      "resolved": "https://registry.npmjs.org/@angular/forms/-/forms-19.2.10.tgz",
      "integrity": "sha512-IUO+kvW1hIMuWAf98YNRLu+L0Kwq4Bd66ga5veJZ0aqnwA95m3HtcGhB9kygKyF/evQYO+X8GC/Hn1knPjkk1w==",
      "license": "MIT",
      "peer": true,
      "dependencies": {
        "tslib": "^2.3.0"
      },
      "engines": {
        "node": "^18.19.1 || ^20.11.1 || >=22.0.0"
      },
      "peerDependencies": {
        "@angular/common": "19.2.10",
        "@angular/core": "19.2.10",
        "@angular/platform-browser": "19.2.10",
        "rxjs": "^6.5.3 || ^7.4.0"
      }
    },
    "node_modules/@angular/platform-browser": {
      "version": "19.2.10",
      "resolved": "https://registry.npmjs.org/@angular/platform-browser/-/platform-browser-19.2.10.tgz",
      "integrity": "sha512-MYX4av0UvCmtUyCo6vW2RjOT2nbZsChhNjKr70DrWcCRMhYYv4cB4PMr6PnyGKJb7QZSSdzbqbbGtvvaB/quqw==",
      "license": "MIT",
      "peer": true,
      "dependencies": {
        "tslib": "^2.3.0"
      },
      "engines": {
        "node": "^18.19.1 || ^20.11.1 || >=22.0.0"
      },
      "peerDependencies": {
        "@angular/animations": "19.2.10",
        "@angular/common": "19.2.10",
        "@angular/core": "19.2.10"
      },
      "peerDependenciesMeta": {
        "@angular/animations": {
          "optional": true
        }
      }
    },
    "node_modules/@angular/router": {
      "version": "19.2.10",
      "resolved": "https://registry.npmjs.org/@angular/router/-/router-19.2.10.tgz",
      "integrity": "sha512-bmt3ws3L4pYTlI8FW5L1ShyOeUQobXA7wy6TbcIToEonZk+i8uj3xlTD9Ymnjkb9wbNXrD1qoNSpP86c7C1rWQ==",
      "license": "MIT",
      "peer": true,
      "dependencies": {
        "tslib": "^2.3.0"
      },
      "engines": {
        "node": "^18.19.1 || ^20.11.1 || >=22.0.0"
      },
      "peerDependencies": {
        "@angular/common": "19.2.10",
        "@angular/core": "19.2.10",
        "@angular/platform-browser": "19.2.10",
        "rxjs": "^6.5.3 || ^7.4.0"
      }
    },
    "node_modules/@ionic/angular": {
      "version": "8.5.7",
      "resolved": "https://registry.npmjs.org/@ionic/angular/-/angular-8.5.7.tgz",
      "integrity": "sha512-emXv0hEX1nzvyC25lgW4lf2JGseJF3G1DLzdDcNlZ+TKTbPwfCHRop6p3zKZtmFSAoRtdw1rsNEKX+B5YbliGA==",
      "license": "MIT",
      "dependencies": {
        "@ionic/core": "8.5.7",
        "ionicons": "^7.0.0",
        "jsonc-parser": "^3.0.0",
        "tslib": "^2.3.0"
      },
      "peerDependencies": {
        "@angular/core": ">=16.0.0",
        "@angular/forms": ">=16.0.0",
        "@angular/router": ">=16.0.0",
        "rxjs": ">=7.5.0",
        "zone.js": ">=0.13.0"
      }
    },
    "node_modules/@ionic/core": {
      "version": "8.5.7",
      "resolved": "https://registry.npmjs.org/@ionic/core/-/core-8.5.7.tgz",
      "integrity": "sha512-V5ZRYXD1MgAPdjfLyOejILAdTqIzpMY7/v6GSynFPPWoEpfFbGe/tNsimrYm1/D8iouigYLkJjWSeg2rpIpESA==",
      "license": "MIT",
      "dependencies": {
        "@stencil/core": "4.20.0",
        "ionicons": "^7.2.2",
        "tslib": "^2.1.0"
      }
    },
    "node_modules/@stencil/core": {
      "version": "4.20.0",
      "resolved": "https://registry.npmjs.org/@stencil/core/-/core-4.20.0.tgz",
      "integrity": "sha512-WPrTHFngvN081RY+dJPneKQLwnOFD60OMCOQGmmSHfCW0f4ujPMzzhwWU1gcSwXPWXz5O+8cBiiCaxAbJU7kAg==",
      "license": "MIT",
      "bin": {
        "stencil": "bin/stencil"
      },
      "engines": {
        "node": ">=16.0.0",
        "npm": ">=7.10.0"
      }
    },
    "node_modules/ionicons": {
      "version": "7.4.0",
      "resolved": "https://registry.npmjs.org/ionicons/-/ionicons-7.4.0.tgz",
      "integrity": "sha512-ZK94MMqgzMCPPMhmk8Ouu6goyVHFIlw/ACP6oe3FrikcI0N7CX0xcwVaEbUc0G/v3W0shI93vo+9ve/KpvcNhQ==",
      "license": "MIT",
      "dependencies": {
        "@stencil/core": "^4.0.3"
      }
    },
    "node_modules/jsonc-parser": {
      "version": "3.3.1",
      "resolved": "https://registry.npmjs.org/jsonc-parser/-/jsonc-parser-3.3.1.tgz",
      "integrity": "sha512-HUgH65KyejrUFPvHFPbqOY0rsFip3Bo5wb4ngvdi1EpCYWUQDC5V+Y7mZws+DLkr4M//zQJoanu1SP+87Dv1oQ==",
      "license": "MIT"
    },
    "node_modules/rxjs": {
      "version": "7.8.2",
      "resolved": "https://registry.npmjs.org/rxjs/-/rxjs-7.8.2.tgz",
      "integrity": "sha512-dhKf903U/PQZY6boNNtAGdWbG85WAbjT/1xYoZIC7FAY0yWapOBQVsVrDl58W86//e1VpMNBtRV4MaXfdMySFA==",
      "license": "Apache-2.0",
      "peer": true,
      "dependencies": {
        "tslib": "^2.1.0"
      }
    },
    "node_modules/tslib": {
      "version": "2.8.1",
      "resolved": "https://registry.npmjs.org/tslib/-/tslib-2.8.1.tgz",
      "integrity": "sha512-oJFu94HQb+KVduSUQL7wnpmqnfmLsOA/nAh6b6EH0wCEoK0/mPeXU6c3wKDV83MkOuHPRHtSXKKU99IBazS/2w==",
      "license": "0BSD"
    },
    "node_modules/zone.js": {
      "version": "0.15.0",
      "resolved": "https://registry.npmjs.org/zone.js/-/zone.js-0.15.0.tgz",
      "integrity": "sha512-9oxn0IIjbCZkJ67L+LkhYWRyAy7axphb3VgE2MBDlOqnmHMPWGYMxJxBYFueFq/JGY2GMwS0rU+UCLunEmy5UA==",
      "license": "MIT",
      "peer": true
    }
  }
}
